
Microsoft Visual Studio Solution File, Format Version 12.00
# Visual Studio Version 16
VisualStudioVersion = 16.0.33214.272
MinimumVisualStudioVersion = 10.0.40219.1
Project("{FAE04EC0-301F-11D3-BF4B-00C04F79EFBC}") = "ConsoleApp1", "ConsoleApp1\ConsoleApp1.csproj", "{19A2AC54-7E38-4F8E-97C8-791D30FC7109}"
EndProject
Global
	GlobalSection(SolutionConfigurationPlatforms) = preSolution
		Debug|Any CPU = Debug|Any CPU
		Release|Any CPU = Release|Any CPU
	EndGlobalSection
	GlobalSection(ProjectConfigurationPlatforms) = postSolution
		{19A2AC54-7E38-4F8E-97C8-791D30FC7109}.Debug|Any CPU.ActiveCfg = Debug|Any CPU
		{19A2AC54-7E38-4F8E-97C8-791D30FC7109}.Debug|Any CPU.Build.0 = Debug|Any CPU
		{19A2AC54-7E38-4F8E-97C8-791D30FC7109}.Release|Any CPU.ActiveCfg = Release|Any CPU
		{19A2AC54-7E38-4F8E-97C8-791D30FC7109}.Release|Any CPU.Build.0 = Release|Any CPU
	EndGlobalSection
	GlobalSection(SolutionProperties) = preSolution
		HideSolutionNode = FALSE
	EndGlobalSection
	GlobalSection(ExtensibilityGlobals) = postSolution
		SolutionGuid = {A362372A-DC05-49D6-9513-4B9E63DD38F9}
	EndGlobalSection
EndGlobal
